github.com/ineant/funtemps v0.0.0-20230219162140-e98619578b5a h1:tkqFvQDwQf8ui7Gs4ABTARgtye7BNyS7TqcP/7fdUnU=
github.com/ineant/funtemps v0.0.0-20230219162140-e98619578b5a/go.mod h1:2YzetZpba2+zbyOw9m/1XZxAMWn5CNvjDrMI6tFsXrI=
github.com/uia-worker/misc v0.0.0-20230306201706-92c01d4aa553 h1:GG7TZQikBrgnHTWPww3Pj32XzKpMQ80sCN562TgOPyo=
github.com/uia-worker/misc v0.0.0-20230306201706-92c01d4aa553/go.mod h1:KpplOC8PKuvyVl7IsIiGZGaEXNxK54Dgj0EoV7Czork=
